// !$*UTF8*$!
{
	archiveVersion = 1;
	classes = {
	};
	objectVersion = 56;
	objects = {

/* Begin PBXBuildFile section */
		71EEEC6A2AB28A640056DD71 /* ztclientApp.swift in Sources */ = {isa = PBXBuildFile; fileRef = 71EEEC692AB28A640056DD71 /* ztclientApp.swift */; };
		71EEEC6C2AB28A640056DD71 /* ContentView.swift in Sources */ = {isa = PBXBuildFile; fileRef = 71EEEC6B2AB28A640056DD71 /* ContentView.swift */; };
		71EEEC6E2AB28A660056DD71 /* Assets.xcassets in Resources */ = {isa = PBXBuildFile; fileRef = 71EEEC6D2AB28A660056DD71 /* Assets.xcassets */; };
		71EEEC722AB28A660056DD71 /* Preview Assets.xcassets in Resources */ = {isa = PBXBuildFile; fileRef = 71EEEC712AB28A660056DD71 /* Preview Assets.xcassets */; };
		71EEEC7C2AB28A670056DD71 /* ztclientTests.swift in Sources */ = {isa = PBXBuildFile; fileRef = 71EEEC7B2AB28A670056DD71 /* ztclientTests.swift */; };
		71EEEC862AB28A670056DD71 /* ztclientUITests.swift in Sources */ = {isa = PBXBuildFile; fileRef = 71EEEC852AB28A670056DD71 /* ztclientUITests.swift */; };
		71EEEC882AB28A670056DD71 /* ztclientUITestsLaunchTests.swift in Sources */ = {isa = PBXBuildFile; fileRef = 71EEEC872AB28A670056DD71 /* ztclientUITestsLaunchTests.swift */; };
/* End PBXBuildFile section */

/* Begin PBXContainerItemProxy section */
		71EEEC782AB28A670056DD71 /* PBXContainerItemProxy */ = {
			isa = PBXContainerItemProxy;
			containerPortal = 71EEEC5E2AB28A640056DD71 /* Project object */;
			proxyType = 1;
			remoteGlobalIDString = 71EEEC652AB28A640056DD71;
			remoteInfo = ztclient;
		};
		71EEEC822AB28A670056DD71 /* PBXContainerItemProxy */ = {
			isa = PBXContainerItemProxy;
			containerPortal = 71EEEC5E2AB28A640056DD71 /* Project object */;
			proxyType = 1;
			remoteGlobalIDString = 71EEEC652AB28A640056DD71;
			remoteInfo = ztclient;
		};
/* End PBXContainerItemProxy section */

/* Begin PBXFileReference section */
		71EEEC662AB28A640056DD71 /* ztclient.app */ = {isa = PBXFileReference; explicitFileType = wrapper.application; includeInIndex = 0; path = ztclient.app; sourceTree = BUILT_PRODUCTS_DIR; };
		71EEEC692AB28A640056DD71 /* ztclientApp.swift */ = {isa = PBXFileReference; lastKnownFileType = sourcecode.swift; path = ztclientApp.swift; sourceTree = "<group>"; };
		71EEEC6B2AB28A640056DD71 /* ContentView.swift */ = {isa = PBXFileReference; lastKnownFileType = sourcecode.swift; path = ContentView.swift; sourceTree = "<group>"; };
		71EEEC6D2AB28A660056DD71 /* Assets.xcassets */ = {isa = PBXFileReference; lastKnownFileType = folder.assetcatalog; path = Assets.xcassets; sourceTree = "<group>"; };
		71EEEC6F2AB28A660056DD71 /* ztclient.entitlements */ = {isa = PBXFileReference; lastKnownFileType = text.plist.entitlements; path = ztclient.entitlements; sourceTree = "<group>"; };
		71EEEC712AB28A660056DD71 /* Preview Assets.xcassets */ = {isa = PBXFileReference; lastKnownFileType = folder.assetcatalog; path = "Preview Assets.xcassets"; sourceTree = "<group>"; };
		71EEEC772AB28A670056DD71 /* ztclientTests.xctest */ = {isa = PBXFileReference; explicitFileType = wrapper.cfbundle; includeInIndex = 0; path = ztclientTests.xctest; sourceTree = BUILT_PRODUCTS_DIR; };
		71EEEC7B2AB28A670056DD71 /* ztclientTests.swift */ = {isa = PBXFileReference; lastKnownFileType = sourcecode.swift; path = ztclientTests.swift; sourceTree = "<group>"; };
		71EEEC812AB28A670056DD71 /* ztclientUITests.xctest */ = {isa = PBXFileReference; explicitFileType = wrapper.cfbundle; includeInIndex = 0; path = ztclientUITests.xctest; sourceTree = BUILT_PRODUCTS_DIR; };
		71EEEC852AB28A670056DD71 /* ztclientUITests.swift */ = {isa = PBXFileReference; lastKnownFileType = sourcecode.swift; path = ztclientUITests.swift; sourceTree = "<group>"; };
		71EEEC872AB28A670056DD71 /* ztclientUITestsLaunchTests.swift */ = {isa = PBXFileReference; lastKnownFileType = sourcecode.swift; path = ztclientUITestsLaunchTests.swift; sourceTree = "<group>"; };
/* End PBXFileReference section */

/* Begin PBXFrameworksBuildPhase section */
		71EEEC632AB28A640056DD71 /* Frameworks */ = {
			isa = PBXFrameworksBuildPhase;
			buildActionMask = 2147483647;
			files = (
			);
			runOnlyForDeploymentPostprocessing = 0;
		};
		71EEEC742AB28A670056DD71 /* Frameworks */ = {
			isa = PBXFrameworksBuildPhase;
			buildActionMask = 2147483647;
			files = (
			);
			runOnlyForDeploymentPostprocessing = 0;
		};
		71EEEC7E2AB28A670056DD71 /* Frameworks */ = {
			isa = PBXFrameworksBuildPhase;
			buildActionMask = 2147483647;
			files = (
			);
			runOnlyForDeploymentPostprocessing = 0;
		};
/* End PBXFrameworksBuildPhase section */

/* Begin PBXGroup section */
		71EEEC5D2AB28A640056DD71 = {
			isa = PBXGroup;
			children = (
				71EEEC682AB28A640056DD71 /* ztclient */,
				71EEEC7A2AB28A670056DD71 /* ztclientTests */,
				71EEEC842AB28A670056DD71 /* ztclientUITests */,
				71EEEC672AB28A640056DD71 /* Products */,
			);
			sourceTree = "<group>";
		};
		71EEEC672AB28A640056DD71 /* Products */ = {
			isa = PBXGroup;
			children = (
				71EEEC662AB28A640056DD71 /* ztclient.app */,
				71EEEC772AB28A670056DD71 /* ztclientTests.xctest */,
				71EEEC812AB28A670056DD71 /* ztclientUITests.xctest */,
			);
			name = Products;
			sourceTree = "<group>";
		};
		71EEEC682AB28A640056DD71 /* ztclient */ = {
			isa = PBXGroup;
			children = (
				71EEEC692AB28A640056DD71 /* ztclientApp.swift */,
				71EEEC6B2AB28A640056DD71 /* ContentView.swift */,
				71EEEC6D2AB28A660056DD71 /* Assets.xcassets */,
				71EEEC6F2AB28A660056DD71 /* ztclient.entitlements */,
				71EEEC702AB28A660056DD71 /* Preview Content */,
			);
			path = ztclient;
			sourceTree = "<group>";
		};
		71EEEC702AB28A660056DD71 /* Preview Content */ = {
			isa = PBXGroup;
			children = (
				71EEEC712AB28A660056DD71 /* Preview Assets.xcassets */,
			);
			path = "Preview Content";
			sourceTree = "<group>";
		};
		71EEEC7A2AB28A670056DD71 /* ztclientTests */ = {
			isa = PBXGroup;
			children = (
				71EEEC7B2AB28A670056DD71 /* ztclientTests.swift */,
			);
			path = ztclientTests;
			sourceTree = "<group>";
		};
		71EEEC842AB28A670056DD71 /* ztclientUITests */ = {
			isa = PBXGroup;
			children = (
				71EEEC852AB28A670056DD71 /* ztclientUITests.swift */,
				71EEEC872AB28A670056DD71 /* ztclientUITestsLaunchTests.swift */,
			);
			path = ztclientUITests;
			sourceTree = "<group>";
		};
/* End PBXGroup section */

/* Begin PBXNativeTarget section */
		71EEEC652AB28A640056DD71 /* ztclient */ = {
			isa = PBXNativeTarget;
			buildConfigurationList = 71EEEC8B2AB28A670056DD71 /* Build configuration list for PBXNativeTarget "ztclient" */;
			buildPhases = (
				71EEEC622AB28A640056DD71 /* Sources */,
				71EEEC632AB28A640056DD71 /* Frameworks */,
				71EEEC642AB28A640056DD71 /* Resources */,
			);
			buildRules = (
			);
			dependencies = (
			);
			name = ztclient;
			productName = ztclient;
			productReference = 71EEEC662AB28A640056DD71 /* ztclient.app */;
			productType = "com.apple.product-type.application";
		};
		71EEEC762AB28A670056DD71 /* ztclientTests */ = {
			isa = PBXNativeTarget;
			buildConfigurationList = 71EEEC8E2AB28A670056DD71 /* Build configuration list for PBXNativeTarget "ztclientTests" */;
			buildPhases = (
				71EEEC732AB28A670056DD71 /* Sources */,
				71EEEC742AB28A670056DD71 /* Frameworks */,
				71EEEC752AB28A670056DD71 /* Resources */,
			);
			buildRules = (
			);
			dependencies = (
				71EEEC792AB28A670056DD71 /* PBXTargetDependency */,
			);
			name = ztclientTests;
			productName = ztclientTests;
			productReference = 71EEEC772AB28A670056DD71 /* ztclientTests.xctest */;
			productType = "com.apple.product-type.bundle.unit-test";
		};
		71EEEC802AB28A670056DD71 /* ztclientUITests */ = {
			isa = PBXNativeTarget;
			buildConfigurationList = 71EEEC912AB28A670056DD71 /* Build configuration list for PBXNativeTarget "ztclientUITests" */;
			buildPhases = (
				71EEEC7D2AB28A670056DD71 /* Sources */,
				71EEEC7E2AB28A670056DD71 /* Frameworks */,
				71EEEC7F2AB28A670056DD71 /* Resources */,
			);
			buildRules = (
			);
			dependencies = (
				71EEEC832AB28A670056DD71 /* PBXTargetDependency */,
			);
			name = ztclientUITests;
			productName = ztclientUITests;
			productReference = 71EEEC812AB28A670056DD71 /* ztclientUITests.xctest */;
			productType = "com.apple.product-type.bundle.ui-testing";
		};
/* End PBXNativeTarget section */

/* Begin PBXProject section */
		71EEEC5E2AB28A640056DD71 /* Project object */ = {
			isa = PBXProject;
			attributes = {
				BuildIndependentTargetsInParallel = 1;
				LastSwiftUpdateCheck = 1430;
				LastUpgradeCheck = 1430;
				TargetAttributes = {
					71EEEC652AB28A640056DD71 = {
						CreatedOnToolsVersion = 14.3.1;
					};
					71EEEC762AB28A670056DD71 = {
						CreatedOnToolsVersion = 14.3.1;
						TestTargetID = 71EEEC652AB28A640056DD71;
					};
					71EEEC802AB28A670056DD71 = {
						CreatedOnToolsVersion = 14.3.1;
						TestTargetID = 71EEEC652AB28A640056DD71;
					};
				};
			};
			buildConfigurationList = 71EEEC612AB28A640056DD71 /* Build configuration list for PBXProject "ztclient" */;
			compatibilityVersion = "Xcode 14.0";
			developmentRegion = en;
			hasScannedForEncodings = 0;
			knownRegions = (
				en,
				Base,
			);
			mainGroup = 71EEEC5D2AB28A640056DD71;
			productRefGroup = 71EEEC672AB28A640056DD71 /* Products */;
			projectDirPath = "";
			projectRoot = "";
			targets = (
				71EEEC652AB28A640056DD71 /* ztclient */,
				71EEEC762AB28A670056DD71 /* ztclientTests */,
				71EEEC802AB28A670056DD71 /* ztclientUITests */,
			);
		};
/* End PBXProject section */

/* Begin PBXResourcesBuildPhase section */
		71EEEC642AB28A640056DD71 /* Resources */ = {
			isa = PBXResourcesBuildPhase;
			buildActionMask = 2147483647;
			files = (
				71EEEC722AB28A660056DD71 /* Preview Assets.xcassets in Resources */,
				71EEEC6E2AB28A660056DD71 /* Assets.xcassets in Resources */,
			);
			runOnlyForDeploymentPostprocessing = 0;
		};
		71EEEC752AB28A670056DD71 /* Resources */ = {
			isa = PBXResourcesBuildPhase;
			buildActionMask = 2147483647;
			files = (
			);
			runOnlyForDeploymentPostprocessing = 0;
		};
		71EEEC7F2AB28A670056DD71 /* Resources */ = {
			isa = PBXResourcesBuildPhase;
			buildActionMask = 2147483647;
			files = (
			);
			runOnlyForDeploymentPostprocessing = 0;
		};
/* End PBXResourcesBuildPhase section */

/* Begin PBXSourcesBuildPhase section */
		71EEEC622AB28A640056DD71 /* Sources */ = {
			isa = PBXSourcesBuildPhase;
			buildActionMask = 2147483647;
			files = (
				71EEEC6C2AB28A640056DD71 /* ContentView.swift in Sources */,
				71EEEC6A2AB28A640056DD71 /* ztclientApp.swift in Sources */,
			);
			runOnlyForDeploymentPostprocessing = 0;
		};
		71EEEC732AB28A670056DD71 /* Sources */ = {
			isa = PBXSourcesBuildPhase;
			buildActionMask = 2147483647;
			files = (
				71EEEC7C2AB28A670056DD71 /* ztclientTests.swift in Sources */,
			);
			runOnlyForDeploymentPostprocessing = 0;
		};
		71EEEC7D2AB28A670056DD71 /* Sources */ = {
			isa = PBXSourcesBuildPhase;
			buildActionMask = 2147483647;
			files = (
				71EEEC882AB28A670056DD71 /* ztclientUITestsLaunchTests.swift in Sources */,
				71EEEC862AB28A670056DD71 /* ztclientUITests.swift in Sources */,
			);
			runOnlyForDeploymentPostprocessing = 0;
		};
/* End PBXSourcesBuildPhase section */

/* Begin PBXTargetDependency section */
		71EEEC792AB28A670056DD71 /* PBXTargetDependency */ = {
			isa = PBXTargetDependency;
			target = 71EEEC652AB28A640056DD71 /* ztclient */;
			targetProxy = 71EEEC782AB28A670056DD71 /* PBXContainerItemProxy */;
		};
		71EEEC832AB28A670056DD71 /* PBXTargetDependency */ = {
			isa = PBXTargetDependency;
			target = 71EEEC652AB28A640056DD71 /* ztclient */;
			targetProxy = 71EEEC822AB28A670056DD71 /* PBXContainerItemProxy */;
		};
/* End PBXTargetDependency section */

/* Begin XCBuildConfiguration section */
		71EEEC892AB28A670056DD71 /* Debug */ = {
			isa = XCBuildConfiguration;
			buildSettings = {
				ALWAYS_SEARCH_USER_PATHS = NO;
				CLANG_ANALYZER_NONNULL = YES;
				CLANG_ANALYZER_NUMBER_OBJECT_CONVERSION = YES_AGGRESSIVE;
				CLANG_CXX_LANGUAGE_STANDARD = "gnu++20";
				CLANG_ENABLE_MODULES = YES;
				CLANG_ENABLE_OBJC_ARC = YES;
				CLANG_ENABLE_OBJC_WEAK = YES;
				CLANG_WARN_BLOCK_CAPTURE_AUTORELEASING = YES;
				CLANG_WARN_BOOL_CONVERSION = YES;
				CLANG_WARN_COMMA = YES;
				CLANG_WARN_CONSTANT_CONVERSION = YES;
				CLANG_WARN_DEPRECATED_OBJC_IMPLEMENTATIONS = YES;
				CLANG_WARN_DIRECT_OBJC_ISA_USAGE = YES_ERROR;
				CLANG_WARN_DOCUMENTATION_COMMENTS = YES;
				CLANG_WARN_EMPTY_BODY = YES;
				CLANG_WARN_ENUM_CONVERSION = YES;
				CLANG_WARN_INFINITE_RECURSION = YES;
				CLANG_WARN_INT_CONVERSION = YES;
				CLANG_WARN_NON_LITERAL_NULL_CONVERSION = YES;
				CLANG_WARN_OBJC_IMPLICIT_RETAIN_SELF = YES;
				CLANG_WARN_OBJC_LITERAL_CONVERSION = YES;
				CLANG_WARN_OBJC_ROOT_CLASS = YES_ERROR;
				CLANG_WARN_QUOTED_INCLUDE_IN_FRAMEWORK_HEADER = YES;
				CLANG_WARN_RANGE_LOOP_ANALYSIS = YES;
				CLANG_WARN_STRICT_PROTOTYPES = YES;
				CLANG_WARN_SUSPICIOUS_MOVE = YES;
				CLANG_WARN_UNGUARDED_AVAILABILITY = YES_AGGRESSIVE;
				CLANG_WARN_UNREACHABLE_CODE = YES;
				CLANG_WARN__DUPLICATE_METHOD_MATCH = YES;
				COPY_PHASE_STRIP = NO;
				DEBUG_INFORMATION_FORMAT = dwarf;
				ENABLE_STRICT_OBJC_MSGSEND = YES;
				ENABLE_TESTABILITY = YES;
				GCC_C_LANGUAGE_STANDARD = gnu11;
				GCC_DYNAMIC_NO_PIC = NO;
				GCC_NO_COMMON_BLOCKS = YES;
				GCC_OPTIMIZATION_LEVEL = 0;
				GCC_PREPROCESSOR_DEFINITIONS = (
					"DEBUG=1",
					"$(inherited)",
				);
				GCC_WARN_64_TO_32_BIT_CONVERSION = YES;
				GCC_WARN_ABOUT_RETURN_TYPE = YES_ERROR;
				GCC_WARN_UNDECLARED_SELECTOR = YES;
				GCC_WARN_UNINITIALIZED_AUTOS = YES_AGGRESSIVE;
				GCC_WARN_UNUSED_FUNCTION = YES;
				GCC_WARN_UNUSED_VARIABLE = YES;
				MTL_ENABLE_DEBUG_INFO = INCLUDE_SOURCE;
				MTL_FAST_MATH = YES;
				ONLY_ACTIVE_ARCH = YES;
				SWIFT_ACTIVE_COMPILATION_CONDITIONS = DEBUG;
				SWIFT_OPTIMIZATION_LEVEL = "-Onone";
			};
			name = Debug;
		};
		71EEEC8A2AB28A670056DD71 /* Release */ = {
			isa = XCBuildConfiguration;
			buildSettings = {
				ALWAYS_SEARCH_USER_PATHS = NO;
				CLANG_ANALYZER_NONNULL = YES;
				CLANG_ANALYZER_NUMBER_OBJECT_CONVERSION = YES_AGGRESSIVE;
				CLANG_CXX_LANGUAGE_STANDARD = "gnu++20";
				CLANG_ENABLE_MODULES = YES;
				CLANG_ENABLE_OBJC_ARC = YES;
				CLANG_ENABLE_OBJC_WEAK = YES;
				CLANG_WARN_BLOCK_CAPTURE_AUTORELEASING = YES;
				CLANG_WARN_BOOL_CONVERSION = YES;
				CLANG_WARN_COMMA = YES;
				CLANG_WARN_CONSTANT_CONVERSION = YES;
				CLANG_WARN_DEPRECATED_OBJC_IMPLEMENTATIONS = YES;
				CLANG_WARN_DIRECT_OBJC_ISA_USAGE = YES_ERROR;
				CLANG_WARN_DOCUMENTATION_COMMENTS = YES;
				CLANG_WARN_EMPTY_BODY = YES;
				CLANG_WARN_ENUM_CONVERSION = YES;
				CLANG_WARN_INFINITE_RECURSION = YES;
				CLANG_WARN_INT_CONVERSION = YES;
				CLANG_WARN_NON_LITERAL_NULL_CONVERSION = YES;
				CLANG_WARN_OBJC_IMPLICIT_RETAIN_SELF = YES;
				CLANG_WARN_OBJC_LITERAL_CONVERSION = YES;
				CLANG_WARN_OBJC_ROOT_CLASS = YES_ERROR;
				CLANG_WARN_QUOTED_INCLUDE_IN_FRAMEWORK_HEADER = YES;
				CLANG_WARN_RANGE_LOOP_ANALYSIS = YES;
				CLANG_WARN_STRICT_PROTOTYPES = YES;
				CLANG_WARN_SUSPICIOUS_MOVE = YES;
				CLANG_WARN_UNGUARDED_AVAILABILITY = YES_AGGRESSIVE;
				CLANG_WARN_UNREACHABLE_CODE = YES;
				CLANG_WARN__DUPLICATE_METHOD_MATCH = YES;
				COPY_PHASE_STRIP = NO;
				DEBUG_INFORMATION_FORMAT = "dwarf-with-dsym";
				ENABLE_NS_ASSERTIONS = NO;
				ENABLE_STRICT_OBJC_MSGSEND = YES;
				GCC_C_LANGUAGE_STANDARD = gnu11;
				GCC_NO_COMMON_BLOCKS = YES;
				GCC_WARN_64_TO_32_BIT_CONVERSION = YES;
				GCC_WARN_ABOUT_RETURN_TYPE = YES_ERROR;
				GCC_WARN_UNDECLARED_SELECTOR = YES;
				GCC_WARN_UNINITIALIZED_AUTOS = YES_AGGRESSIVE;
				GCC_WARN_UNUSED_FUNCTION = YES;
				GCC_WARN_UNUSED_VARIABLE = YES;
				MTL_ENABLE_DEBUG_INFO = NO;
				MTL_FAST_MATH = YES;
				SWIFT_COMPILATION_MODE = wholemodule;
				SWIFT_OPTIMIZATION_LEVEL = "-O";
			};
			name = Release;
		};
		71EEEC8C2AB28A670056DD71 /* Debug */ = {
			isa = XCBuildConfiguration;
			buildSettings = {
				ASSETCATALOG_COMPILER_APPICON_NAME = AppIcon;
				ASSETCATALOG_COMPILER_GLOBAL_ACCENT_COLOR_NAME = AccentColor;
				CODE_SIGN_ENTITLEMENTS = ztclient/ztclient.entitlements;
				CODE_SIGN_STYLE = Automatic;
				CURRENT_PROJECT_VERSION = 1;
				DEVELOPMENT_ASSET_PATHS = "\"ztclient/Preview Content\"";
				DEVELOPMENT_TEAM = MYLMTDS54F;
				ENABLE_HARDENED_RUNTIME = YES;
				ENABLE_PREVIEWS = YES;
				GENERATE_INFOPLIST_FILE = YES;
				"INFOPLIST_KEY_UIApplicationSceneManifest_Generation[sdk=iphoneos*]" = YES;
				"INFOPLIST_KEY_UIApplicationSceneManifest_Generation[sdk=iphonesimulator*]" = YES;
				"INFOPLIST_KEY_UIApplicationSupportsIndirectInputEvents[sdk=iphoneos*]" = YES;
				"INFOPLIST_KEY_UIApplicationSupportsIndirectInputEvents[sdk=iphonesimulator*]" = YES;
				"INFOPLIST_KEY_UILaunchScreen_Generation[sdk=iphoneos*]" = YES;
				"INFOPLIST_KEY_UILaunchScreen_Generation[sdk=iphonesimulator*]" = YES;
				"INFOPLIST_KEY_UIStatusBarStyle[sdk=iphoneos*]" = UIStatusBarStyleDefault;
				"INFOPLIST_KEY_UIStatusBarStyle[sdk=iphonesimulator*]" = UIStatusBarStyleDefault;
				INFOPLIST_KEY_UISupportedInterfaceOrientations_iPad = "UIInterfaceOrientationPortrait UIInterfaceOrientationPortraitUpsideDown UIInterfaceOrientationLandscapeLeft UIInterfaceOrientationLandscapeRight";
				INFOPLIST_KEY_UISupportedInterfaceOrientations_iPhone = "UIInterfaceOrientationPortrait UIInterfaceOrientationLandscapeLeft UIInterfaceOrientationLandscapeRight";
				IPHONEOS_DEPLOYMENT_TARGET = 16.4;
				LD_RUNPATH_SEARCH_PATHS = "@executable_path/Frameworks";
				"LD_RUNPATH_SEARCH_PATHS[sdk=macosx*]" = "@executable_path/../Frameworks";
				MACOSX_DEPLOYMENT_TARGET = 13.3;
				MARKETING_VERSION = 1.0;
				PRODUCT_BUNDLE_IDENTIFIER = com.banie.cloudflare.ztclient;
				PRODUCT_NAME = "$(TARGET_NAME)";
				SDKROOT = auto;
				SUPPORTED_PLATFORMS = "iphoneos iphonesimulator macosx";
				SWIFT_EMIT_LOC_STRINGS = YES;
				SWIFT_VERSION = 5.0;
				TARGETED_DEVICE_FAMILY = "1,2";
			};
			name = Debug;
		};
		71EEEC8D2AB28A670056DD71 /* Release */ = {
			isa = XCBuildConfiguration;
			buildSettings = {
				ASSETCATALOG_COMPILER_APPICON_NAME = AppIcon;
				ASSETCATALOG_COMPILER_GLOBAL_ACCENT_COLOR_NAME = AccentColor;
				CODE_SIGN_ENTITLEMENTS = ztclient/ztclient.entitlements;
				CODE_SIGN_STYLE = Automatic;
				CURRENT_PROJECT_VERSION = 1;
				DEVELOPMENT_ASSET_PATHS = "\"ztclient/Preview Content\"";
				DEVELOPMENT_TEAM = MYLMTDS54F;
				ENABLE_HARDENED_RUNTIME = YES;
				ENABLE_PREVIEWS = YES;
				GENERATE_INFOPLIST_FILE = YES;
				"INFOPLIST_KEY_UIApplicationSceneManifest_Generation[sdk=iphoneos*]" = YES;
				"INFOPLIST_KEY_UIApplicationSceneManifest_Generation[sdk=iphonesimulator*]" = YES;
				"INFOPLIST_KEY_UIApplicationSupportsIndirectInputEvents[sdk=iphoneos*]" = YES;
				"INFOPLIST_KEY_UIApplicationSupportsIndirectInputEvents[sdk=iphonesimulator*]" = YES;
				"INFOPLIST_KEY_UILaunchScreen_Generation[sdk=iphoneos*]" = YES;
				"INFOPLIST_KEY_UILaunchScreen_Generation[sdk=iphonesimulator*]" = YES;
				"INFOPLIST_KEY_UIStatusBarStyle[sdk=iphoneos*]" = UIStatusBarStyleDefault;
				"INFOPLIST_KEY_UIStatusBarStyle[sdk=iphonesimulator*]" = UIStatusBarStyleDefault;
				INFOPLIST_KEY_UISupportedInterfaceOrientations_iPad = "UIInterfaceOrientationPortrait UIInterfaceOrientationPortraitUpsideDown UIInterfaceOrientationLandscapeLeft UIInterfaceOrientationLandscapeRight";
				INFOPLIST_KEY_UISupportedInterfaceOrientations_iPhone = "UIInterfaceOrientationPortrait UIInterfaceOrientationLandscapeLeft UIInterfaceOrientationLandscapeRight";
				IPHONEOS_DEPLOYMENT_TARGET = 16.4;
				LD_RUNPATH_SEARCH_PATHS = "@executable_path/Frameworks";
				"LD_RUNPATH_SEARCH_PATHS[sdk=macosx*]" = "@executable_path/../Frameworks";
				MACOSX_DEPLOYMENT_TARGET = 13.3;
				MARKETING_VERSION = 1.0;
				PRODUCT_BUNDLE_IDENTIFIER = com.banie.cloudflare.ztclient;
				PRODUCT_NAME = "$(TARGET_NAME)";
				SDKROOT = auto;
				SUPPORTED_PLATFORMS = "iphoneos iphonesimulator macosx";
				SWIFT_EMIT_LOC_STRINGS = YES;
				SWIFT_VERSION = 5.0;
				TARGETED_DEVICE_FAMILY = "1,2";
			};
			name = Release;
		};
		71EEEC8F2AB28A670056DD71 /* Debug */ = {
			isa = XCBuildConfiguration;
			buildSettings = {
				ALWAYS_EMBED_SWIFT_STANDARD_LIBRARIES = YES;
				BUNDLE_LOADER = "$(TEST_HOST)";
				CODE_SIGN_STYLE = Automatic;
				CURRENT_PROJECT_VERSION = 1;
				DEVELOPMENT_TEAM = MYLMTDS54F;
				GENERATE_INFOPLIST_FILE = YES;
				IPHONEOS_DEPLOYMENT_TARGET = 16.4;
				MACOSX_DEPLOYMENT_TARGET = 13.3;
				MARKETING_VERSION = 1.0;
				PRODUCT_BUNDLE_IDENTIFIER = com.banie.cloudflare.ztclientTests;
				PRODUCT_NAME = "$(TARGET_NAME)";
				SDKROOT = auto;
				SUPPORTED_PLATFORMS = "iphoneos iphonesimulator macosx";
				SWIFT_EMIT_LOC_STRINGS = NO;
				SWIFT_VERSION = 5.0;
				TARGETED_DEVICE_FAMILY = "1,2";
				TEST_HOST = "$(BUILT_PRODUCTS_DIR)/ztclient.app/$(BUNDLE_EXECUTABLE_FOLDER_PATH)/ztclient";
			};
			name = Debug;
		};
		71EEEC902AB28A670056DD71 /* Release */ = {
			isa = XCBuildConfiguration;
			buildSettings = {
				ALWAYS_EMBED_SWIFT_STANDARD_LIBRARIES = YES;
				BUNDLE_LOADER = "$(TEST_HOST)";
				CODE_SIGN_STYLE = Automatic;
				CURRENT_PROJECT_VERSION = 1;
				DEVELOPMENT_TEAM = MYLMTDS54F;
				GENERATE_INFOPLIST_FILE = YES;
				IPHONEOS_DEPLOYMENT_TARGET = 16.4;
				MACOSX_DEPLOYMENT_TARGET = 13.3;
				MARKETING_VERSION = 1.0;
				PRODUCT_BUNDLE_IDENTIFIER = com.banie.cloudflare.ztclientTests;
				PRODUCT_NAME = "$(TARGET_NAME)";
				SDKROOT = auto;
				SUPPORTED_PLATFORMS = "iphoneos iphonesimulator macosx";
				SWIFT_EMIT_LOC_STRINGS = NO;
				SWIFT_VERSION = 5.0;
				TARGETED_DEVICE_FAMILY = "1,2";
				TEST_HOST = "$(BUILT_PRODUCTS_DIR)/ztclient.app/$(BUNDLE_EXECUTABLE_FOLDER_PATH)/ztclient";
			};
			name = Release;
		};
		71EEEC922AB28A670056DD71 /* Debug */ = {
			isa = XCBuildConfiguration;
			buildSettings = {
				ALWAYS_EMBED_SWIFT_STANDARD_LIBRARIES = YES;
				CODE_SIGN_STYLE = Automatic;
				CURRENT_PROJECT_VERSION = 1;
				DEVELOPMENT_TEAM = MYLMTDS54F;
				GENERATE_INFOPLIST_FILE = YES;
				IPHONEOS_DEPLOYMENT_TARGET = 16.4;
				MACOSX_DEPLOYMENT_TARGET = 13.3;
				MARKETING_VERSION = 1.0;
				PRODUCT_BUNDLE_IDENTIFIER = com.banie.cloudflare.ztclientUITests;
				PRODUCT_NAME = "$(TARGET_NAME)";
				SDKROOT = auto;
				SUPPORTED_PLATFORMS = "iphoneos iphonesimulator macosx";
				SWIFT_EMIT_LOC_STRINGS = NO;
				SWIFT_VERSION = 5.0;
				TARGETED_DEVICE_FAMILY = "1,2";
				TEST_TARGET_NAME = ztclient;
			};
			name = Debug;
		};
		71EEEC932AB28A670056DD71 /* Release */ = {
			isa = XCBuildConfiguration;
			buildSettings = {
				ALWAYS_EMBED_SWIFT_STANDARD_LIBRARIES = YES;
				CODE_SIGN_STYLE = Automatic;
				CURRENT_PROJECT_VERSION = 1;
				DEVELOPMENT_TEAM = MYLMTDS54F;
				GENERATE_INFOPLIST_FILE = YES;
				IPHONEOS_DEPLOYMENT_TARGET = 16.4;
				MACOSX_DEPLOYMENT_TARGET = 13.3;
				MARKETING_VERSION = 1.0;
				PRODUCT_BUNDLE_IDENTIFIER = com.banie.cloudflare.ztclientUITests;
				PRODUCT_NAME = "$(TARGET_NAME)";
				SDKROOT = auto;
				SUPPORTED_PLATFORMS = "iphoneos iphonesimulator macosx";
				SWIFT_EMIT_LOC_STRINGS = NO;
				SWIFT_VERSION = 5.0;
				TARGETED_DEVICE_FAMILY = "1,2";
				TEST_TARGET_NAME = ztclient;
			};
			name = Release;
		};
/* End XCBuildConfiguration section */

/* Begin XCConfigurationList section */
		71EEEC612AB28A640056DD71 /* Build configuration list for PBXProject "ztclient" */ = {
			isa = XCConfigurationList;
			buildConfigurations = (
				71EEEC892AB28A670056DD71 /* Debug */,
				71EEEC8A2AB28A670056DD71 /* Release */,
			);
			defaultConfigurationIsVisible = 0;
			defaultConfigurationName = Release;
		};
		71EEEC8B2AB28A670056DD71 /* Build configuration list for PBXNativeTarget "ztclient" */ = {
			isa = XCConfigurationList;
			buildConfigurations = (
				71EEEC8C2AB28A670056DD71 /* Debug */,
				71EEEC8D2AB28A670056DD71 /* Release */,
			);
			defaultConfigurationIsVisible = 0;
			defaultConfigurationName = Release;
		};
		71EEEC8E2AB28A670056DD71 /* Build configuration list for PBXNativeTarget "ztclientTests" */ = {
			isa = XCConfigurationList;
			buildConfigurations = (
				71EEEC8F2AB28A670056DD71 /* Debug */,
				71EEEC902AB28A670056DD71 /* Release */,
			);
			defaultConfigurationIsVisible = 0;
			defaultConfigurationName = Release;
		};
		71EEEC912AB28A670056DD71 /* Build configuration list for PBXNativeTarget "ztclientUITests" */ = {
			isa = XCConfigurationList;
			buildConfigurations = (
				71EEEC922AB28A670056DD71 /* Debug */,
				71EEEC932AB28A670056DD71 /* Release */,
			);
			defaultConfigurationIsVisible = 0;
			defaultConfigurationName = Release;
		};
/* End XCConfigurationList section */
	};
	rootObject = 71EEEC5E2AB28A640056DD71 /* Project object */;
}
